
Microsoft Visual Studio Solution File, Format Version 12.00
# Visual Studio Version 17
VisualStudioVersion = 17.11.35327.3
MinimumVisualStudioVersion = 10.0.40219.1
Project("{9A19103F-16F7-4668-BE54-9A1E7A4F7556}") = "LINQ-methods", "LINQ-methods\LINQ-methods.csproj", "{69A00ACB-2262-4BB9-9017-FDB1E8169F19}"
EndProject
Project("{FAE04EC0-301F-11D3-BF4B-00C04F79EFBC}") = "LINQ-excercises", "LINQ-excercises\LINQ-excercises.csproj", "{75F6381F-72B7-46F4-8EAC-63B2A058F29A}"
EndProject
Global
	GlobalSection(SolutionConfigurationPlatforms) = preSolution
		Debug|Any CPU = Debug|Any CPU
		Release|Any CPU = Release|Any CPU
	EndGlobalSection
	GlobalSection(ProjectConfigurationPlatforms) = postSolution
		{69A00ACB-2262-4BB9-9017-FDB1E8169F19}.Debug|Any CPU.ActiveCfg = Debug|Any CPU
		{69A00ACB-2262-4BB9-9017-FDB1E8169F19}.Debug|Any CPU.Build.0 = Debug|Any CPU
		{69A00ACB-2262-4BB9-9017-FDB1E8169F19}.Release|Any CPU.ActiveCfg = Release|Any CPU
		{69A00ACB-2262-4BB9-9017-FDB1E8169F19}.Release|Any CPU.Build.0 = Release|Any CPU
		{75F6381F-72B7-46F4-8EAC-63B2A058F29A}.Debug|Any CPU.ActiveCfg = Debug|Any CPU
		{75F6381F-72B7-46F4-8EAC-63B2A058F29A}.Debug|Any CPU.Build.0 = Debug|Any CPU
		{75F6381F-72B7-46F4-8EAC-63B2A058F29A}.Release|Any CPU.ActiveCfg = Release|Any CPU
		{75F6381F-72B7-46F4-8EAC-63B2A058F29A}.Release|Any CPU.Build.0 = Release|Any CPU
	EndGlobalSection
	GlobalSection(SolutionProperties) = preSolution
		HideSolutionNode = FALSE
	EndGlobalSection
	GlobalSection(ExtensibilityGlobals) = postSolution
		SolutionGuid = {8016C2B0-8CFA-49B2-8E18-B6DB4020415D}
	EndGlobalSection
EndGlobal
